
Microsoft Visual Studio Solution File, Format Version 12.00
# Visual Studio 15
VisualStudioVersion = 15.0.28307.1169
MinimumVisualStudioVersion = 10.0.40219.1
Project("{FAE04EC0-301F-11D3-BF4B-00C04F79EFBC}") = "AutoCellProfile", "AutoCellProfile\AutoCellProfile.csproj", "{C9C99E73-D15B-4534-815B-2A2AFB023903}"
EndProject
Global
	GlobalSection(SolutionConfigurationPlatforms) = preSolution
		Debug|Any CPU = Debug|Any CPU
		Release|Any CPU = Release|Any CPU
	EndGlobalSection
	GlobalSection(ProjectConfigurationPlatforms) = postSolution
		{C9C99E73-D15B-4534-815B-2A2AFB023903}.Debug|Any CPU.ActiveCfg = Debug|Any CPU
		{C9C99E73-D15B-4534-815B-2A2AFB023903}.Debug|Any CPU.Build.0 = Debug|Any CPU
		{C9C99E73-D15B-4534-815B-2A2AFB023903}.Release|Any CPU.ActiveCfg = Release|Any CPU
		{C9C99E73-D15B-4534-815B-2A2AFB023903}.Release|Any CPU.Build.0 = Release|Any CPU
	EndGlobalSection
	GlobalSection(SolutionProperties) = preSolution
		HideSolutionNode = FALSE
	EndGlobalSection
	GlobalSection(ExtensibilityGlobals) = postSolution
		SolutionGuid = {8FF28F20-0D4D-45C8-8C54-DF22B1B75AC9}
	EndGlobalSection
EndGlobal
